
Microsoft Visual Studio Solution File, Format Version 12.00
# Visual Studio Version 16
VisualStudioVersion = 16.0.30611.23
MinimumVisualStudioVersion = 10.0.40219.1
Project("{9A19103F-16F7-4668-BE54-9A1E7A4F7556}") = "ForestSim", "ForestSim.csproj", "{159ED0A2-0273-4549-AA1D-7C64156F3412}"
EndProject
Project("{9A19103F-16F7-4668-BE54-9A1E7A4F7556}") = "RiverVisuals", "RiverVisuals\RiverVisuals.csproj", "{1C8B5B3C-3FE3-499B-95BB-B4BD8CAB995B}"
EndProject
Global
	GlobalSection(SolutionConfigurationPlatforms) = preSolution
		Debug|Any CPU = Debug|Any CPU
		Release|Any CPU = Release|Any CPU
	EndGlobalSection
	GlobalSection(ProjectConfigurationPlatforms) = postSolution
		{159ED0A2-0273-4549-AA1D-7C64156F3412}.Debug|Any CPU.ActiveCfg = Debug|Any CPU
		{159ED0A2-0273-4549-AA1D-7C64156F3412}.Debug|Any CPU.Build.0 = Debug|Any CPU
		{159ED0A2-0273-4549-AA1D-7C64156F3412}.Release|Any CPU.ActiveCfg = Release|Any CPU
		{159ED0A2-0273-4549-AA1D-7C64156F3412}.Release|Any CPU.Build.0 = Release|Any CPU
		{1C8B5B3C-3FE3-499B-95BB-B4BD8CAB995B}.Debug|Any CPU.ActiveCfg = Debug|Any CPU
		{1C8B5B3C-3FE3-499B-95BB-B4BD8CAB995B}.Debug|Any CPU.Build.0 = Debug|Any CPU
		{1C8B5B3C-3FE3-499B-95BB-B4BD8CAB995B}.Release|Any CPU.ActiveCfg = Release|Any CPU
		{1C8B5B3C-3FE3-499B-95BB-B4BD8CAB995B}.Release|Any CPU.Build.0 = Release|Any CPU
	EndGlobalSection
	GlobalSection(SolutionProperties) = preSolution
		HideSolutionNode = FALSE
	EndGlobalSection
	GlobalSection(ExtensibilityGlobals) = postSolution
		SolutionGuid = {116DE8B5-9443-4F7E-99DF-208C5C0D9D54}
	EndGlobalSection
EndGlobal
